<?xml version="1.0" encoding="utf-8"?>
<Project ToolsVersion="4.0" xmlns="http://schemas.microsoft.com/developer/msbuild/2003">
  <ItemGroup>
    <ClCompile Include="Application.cpp">
      <Filter>Source Files\Application</Filter>
    </ClCompile>
    <ClCompile Include="Globals.cpp">
      <Filter>Source Files\Application</Filter>
    </ClCompile>
    <ClCompile Include="Main.cpp">
      <Filter>Source Files\Application</Filter>
    </ClCompile>
    <ClCompile Include="Enemy.cpp">
      <Filter>Source Files\Entities\Enemies</Filter>
    </ClCompile>
    <ClCompile Include="Enemy_Basic.cpp">
      <Filter>Source Files\Entities\Enemies</Filter>
    </ClCompile>
    <ClCompile Include="EnemyBrownShield.cpp">
      <Filter>Source Files\Entities\Enemies</Filter>
    </ClCompile>
    <ClCompile Include="EnemyPurpleShield.cpp">
      <Filter>Source Files\Entities\Enemies</Filter>
    </ClCompile>
    <ClCompile Include="Hostage.cpp">
      <Filter>Source Files\Entities\Hostage</Filter>
    </ClCompile>
    <ClCompile Include="ModuleBoss.cpp">
      <Filter>Source Files\Modules\Gameplay</Filter>
    </ClCompile>
    <ClCompile Include="ModuleEnemies.cpp">
      <Filter>Source Files\Modules\Gameplay</Filter>
    </ClCompile>
    <ClCompile Include="ModulePlayer.cpp">
      <Filter>Source Files\Modules\Gameplay</Filter>
    </ClCompile>
    <ClCompile Include="Module.cpp">
      <Filter>Source Files\Modules</Filter>
    </ClCompile>
    <ClCompile Include="Collider.cpp">
      <Filter>Source Files\Utils</Filter>
    </ClCompile>
    <ClCompile Include="Path.cpp">
      <Filter>Source Files\Utils</Filter>
    </ClCompile>
    <ClCompile Include="EnemyGun.cpp">
      <Filter>Source Files\Entities\Enemies</Filter>
    </ClCompile>
    <ClCompile Include="EnemyKnife.cpp">
      <Filter>Source Files\Entities\Enemies</Filter>
    </ClCompile>
    <ClCompile Include="ModuleScene_Boss1.cpp">
      <Filter>Source Files\Modules\Gameplay\Scenes\Boss</Filter>
    </ClCompile>
    <ClCompile Include="ModuleScene_Level1.cpp">
      <Filter>Source Files\Modules\Gameplay\Scenes\Level1</Filter>
    </ClCompile>
    <ClCompile Include="ModuleScene_Level1_SecondFloor.cpp">
      <Filter>Source Files\Modules\Gameplay\Scenes\Level1</Filter>
    </ClCompile>
    <ClCompile Include="ModuleScene_Level1_SecondFloor_Enemies.cpp">
      <Filter>Source Files\Modules\Gameplay\Scenes\Level1</Filter>
    </ClCompile>
    <ClCompile Include="ModuleScene_Level2.cpp">
      <Filter>Source Files\Modules\Gameplay\Scenes\level2</Filter>
    </ClCompile>
    <ClCompile Include="ModuleScene_Intro.cpp">
      <Filter>Source Files\Modules\Gameplay\Scenes\Menu</Filter>
    </ClCompile>
    <ClCompile Include="ModuleScene_Intro2.cpp">
      <Filter>Source Files\Modules\Gameplay\Scenes\Menu</Filter>
    </ClCompile>
    <ClCompile Include="ModuleScene_MainMenu.cpp">
      <Filter>Source Files\Modules\Gameplay\Scenes\Menu</Filter>
    </ClCompile>
    <ClCompile Include="Particle.cpp">
      <Filter>Source Files\Entities</Filter>
    </ClCompile>
    <ClCompile Include="ModuleWindow.cpp">
      <Filter>Source Files\Modules\Core\Window</Filter>
    </ClCompile>
    <ClCompile Include="ModuleTextures.cpp">
      <Filter>Source Files\Modules\Core\Texture</Filter>
    </ClCompile>
    <ClCompile Include="ModuleParticles.cpp">
      <Filter>Source Files\Modules\Core\Particles</Filter>
    </ClCompile>
    <ClCompile Include="ModuleInterface.cpp">
      <Filter>Source Files\Modules\Core\Interface</Filter>
    </ClCompile>
    <ClCompile Include="ModuleInput.cpp">
      <Filter>Source Files\Modules\Core\Input</Filter>
    </ClCompile>
    <ClCompile Include="ModuleFonts.cpp">
      <Filter>Source Files\Modules\Core\Fonts</Filter>
    </ClCompile>
    <ClCompile Include="ModuleFadeToBlack.cpp">
      <Filter>Source Files\Modules\Core\FadeToBlack</Filter>
    </ClCompile>
    <ClCompile Include="ModuleCollisions.cpp">
      <Filter>Source Files\Modules\Core\Collisions</Filter>
    </ClCompile>
    <ClCompile Include="ModuleAudio.cpp">
      <Filter>Source Files\Modules\Core\Audio</Filter>
    </ClCompile>
    <ClCompile Include="ModuleRender.cpp">
      <Filter>Source Files\Modules\Core\Render</Filter>
    </ClCompile>
    <ClCompile Include="ModuleMision1.cpp">
      <Filter>Source Files\Modules\Gameplay\Scenes\Menu</Filter>
    </ClCompile>
    <ClCompile Include="ModuleMapa1.cpp">
      <Filter>Source Files\Modules\Gameplay\Scenes\Menu</Filter>
    </ClCompile>
    <ClCompile Include="ParticleBoss.cpp">
      <Filter>Source Files\Entities</Filter>
    </ClCompile>
    <ClCompile Include="ModuleParticlesBoss.cpp">
      <Filter>Source Files\Modules\Core\Particles</Filter>
    </ClCompile>
    <ClCompile Include="ModuleMapa2.cpp">
      <Filter>Source Files\Modules\Gameplay\Scenes\level2</Filter>
    </ClCompile>
    <ClCompile Include="ModuleMapa3.cpp">
      <Filter>Source Files\Modules\Gameplay\Scenes\Boss</Filter>
    </ClCompile>
  </ItemGroup>
  <ItemGroup>
    <ClInclude Include="Application.h">
      <Filter>Source Files\Application</Filter>
    </ClInclude>
    <ClInclude Include="Globals.h">
      <Filter>Source Files\Application</Filter>
    </ClInclude>
    <ClInclude Include="MemLeaks.h">
      <Filter>Source Files\Application</Filter>
    </ClInclude>
    <ClInclude Include="Enemy.h">
      <Filter>Source Files\Entities\Enemies</Filter>
    </ClInclude>
    <ClInclude Include="Enemy_Basic.h">
      <Filter>Source Files\Entities\Enemies</Filter>
    </ClInclude>
    <ClInclude Include="EnemyBrownShield.h">
      <Filter>Source Files\Entities\Enemies</Filter>
    </ClInclude>
    <ClInclude Include="EnemyPurpleShield.h">
      <Filter>Source Files\Entities\Enemies</Filter>
    </ClInclude>
    <ClInclude Include="Hostage.h">
      <Filter>Source Files\Entities\Hostage</Filter>
    </ClInclude>
    <ClInclude Include="ModuleBoss.h">
      <Filter>Source Files\Modules\Gameplay</Filter>
    </ClInclude>
    <ClInclude Include="ModuleEnemies.h">
      <Filter>Source Files\Modules\Gameplay</Filter>
    </ClInclude>
    <ClInclude Include="ModulePlayer.h">
      <Filter>Source Files\Modules\Gameplay</Filter>
    </ClInclude>
    <ClInclude Include="Module.h">
      <Filter>Source Files\Modules</Filter>
    </ClInclude>
    <ClInclude Include="Animation.h">
      <Filter>Source Files\Utils</Filter>
    </ClInclude>
    <ClInclude Include="Collider.h">
      <Filter>Source Files\Utils</Filter>
    </ClInclude>
    <ClInclude Include="p2Point.h">
      <Filter>Source Files\Utils</Filter>
    </ClInclude>
    <ClInclude Include="Path.h">
      <Filter>Source Files\Utils</Filter>
    </ClInclude>
    <ClInclude Include="EnemyGun.h">
      <Filter>Source Files\Entities\Enemies</Filter>
    </ClInclude>
    <ClInclude Include="EnemyKnife.h">
      <Filter>Source Files\Entities\Enemies</Filter>
    </ClInclude>
    <ClInclude Include="ModuleScene_Boss1.h">
      <Filter>Source Files\Modules\Gameplay\Scenes\Boss</Filter>
    </ClInclude>
    <ClInclude Include="ModuleScene_Level1.h">
      <Filter>Source Files\Modules\Gameplay\Scenes\Level1</Filter>
    </ClInclude>
    <ClInclude Include="ModuleScene_Level1_SecondFloor.h">
      <Filter>Source Files\Modules\Gameplay\Scenes\Level1</Filter>
    </ClInclude>
    <ClInclude Include="ModuleScene_Level1_SecondFloor_Enemies.h">
      <Filter>Source Files\Modules\Gameplay\Scenes\Level1</Filter>
    </ClInclude>
    <ClInclude Include="ModuleScene_Level2.h">
      <Filter>Source Files\Modules\Gameplay\Scenes\level2</Filter>
    </ClInclude>
    <ClInclude Include="ModuleScene_Intro.h">
      <Filter>Source Files\Modules\Gameplay\Scenes\Menu</Filter>
    </ClInclude>
    <ClInclude Include="ModuleScene_Intro2.h">
      <Filter>Source Files\Modules\Gameplay\Scenes\Menu</Filter>
    </ClInclude>
    <ClInclude Include="ModuleScene_MainMenu.h">
      <Filter>Source Files\Modules\Gameplay\Scenes\Menu</Filter>
    </ClInclude>
    <ClInclude Include="Particle.h">
      <Filter>Source Files\Entities</Filter>
    </ClInclude>
    <ClInclude Include="ModuleWindow.h">
      <Filter>Source Files\Modules\Core\Window</Filter>
    </ClInclude>
    <ClInclude Include="ModuleTextures.h">
      <Filter>Source Files\Modules\Core\Texture</Filter>
    </ClInclude>
    <ClInclude Include="ModuleParticles.h">
      <Filter>Source Files\Modules\Core\Particles</Filter>
    </ClInclude>
    <ClInclude Include="ModuleInterface.h">
      <Filter>Source Files\Modules\Core\Interface</Filter>
    </ClInclude>
    <ClInclude Include="ModuleInput.h">
      <Filter>Source Files\Modules\Core\Input</Filter>
    </ClInclude>
    <ClInclude Include="ModuleFonts.h">
      <Filter>Source Files\Modules\Core\Fonts</Filter>
    </ClInclude>
    <ClInclude Include="ModuleFadeToBlack.h">
      <Filter>Source Files\Modules\Core\FadeToBlack</Filter>
    </ClInclude>
    <ClInclude Include="ModuleCollisions.h">
      <Filter>Source Files\Modules\Core\Collisions</Filter>
    </ClInclude>
    <ClInclude Include="ModuleAudio.h">
      <Filter>Source Files\Modules\Core\Audio</Filter>
    </ClInclude>
    <ClInclude Include="ModuleRender.h">
      <Filter>Source Files\Modules\Core\Render</Filter>
    </ClInclude>
    <ClInclude Include="ModuleMision1.h">
      <Filter>Source Files\Modules\Gameplay\Scenes\Menu</Filter>
    </ClInclude>
    <ClInclude Include="ModuleMapa1.h">
      <Filter>Source Files\Modules\Gameplay\Scenes\Menu</Filter>
    </ClInclude>
    <ClInclude Include="ParticleBoss.h">
      <Filter>Source Files\Entities</Filter>
    </ClInclude>
    <ClInclude Include="ModuleParticlesBoss.h">
      <Filter>Source Files\Modules\Core\Particles</Filter>
    </ClInclude>
    <ClInclude Include="ModuleMapa2.h">
      <Filter>Source Files\Modules\Gameplay\Scenes\level2</Filter>
    </ClInclude>
    <ClInclude Include="ModuleMapa3.h">
      <Filter>Source Files\Modules\Gameplay\Scenes\Boss</Filter>
    </ClInclude>
  </ItemGroup>
  <ItemGroup>
    <Filter Include="Header Files">
      <UniqueIdentifier>{6c6b2e0a-ce08-4f4b-a34e-a006d26bf65f}</UniqueIdentifier>
    </Filter>
    <Filter Include="Source Files">
      <UniqueIdentifier>{610294e1-5b40-42ed-85e2-dfe1842ee75a}</UniqueIdentifier>
    </Filter>
    <Filter Include="Source Files\Application">
      <UniqueIdentifier>{717fdda5-afa5-492e-9ad9-55d193450031}</UniqueIdentifier>
    </Filter>
    <Filter Include="Source Files\Entities">
      <UniqueIdentifier>{f67ad473-8492-44f6-b1fc-b3404c044821}</UniqueIdentifier>
    </Filter>
    <Filter Include="Source Files\Modules">
      <UniqueIdentifier>{7061f373-efaf-4317-9ec7-a147e43cf37f}</UniqueIdentifier>
    </Filter>
    <Filter Include="Source Files\Utils">
      <UniqueIdentifier>{e8162c29-eba9-4d63-bd64-26626e97aa66}</UniqueIdentifier>
    </Filter>
    <Filter Include="Source Files\Entities\Enemies">
      <UniqueIdentifier>{b38cd1cd-f44c-45a5-b677-69dc14ebe8ab}</UniqueIdentifier>
    </Filter>
    <Filter Include="Source Files\Entities\Hostage">
      <UniqueIdentifier>{22c0c9ee-3279-45d6-b98f-5d2146740066}</UniqueIdentifier>
    </Filter>
    <Filter Include="Source Files\Modules\Core">
      <UniqueIdentifier>{f8b8b0c6-5821-4a78-9758-93e5c47014f8}</UniqueIdentifier>
    </Filter>
    <Filter Include="Source Files\Modules\Gameplay">
      <UniqueIdentifier>{20d48eb7-a100-40aa-8a21-85f346b1705d}</UniqueIdentifier>
    </Filter>
    <Filter Include="Source Files\Modules\Gameplay\Scenes">
      <UniqueIdentifier>{6f2e93ad-b7a1-4032-ad1d-88249cb70896}</UniqueIdentifier>
    </Filter>
    <Filter Include="Source Files\Modules\Gameplay\Scenes\Boss">
      <UniqueIdentifier>{3bd003c5-d803-4d54-808a-3dee2d6841c1}</UniqueIdentifier>
    </Filter>
    <Filter Include="Source Files\Modules\Gameplay\Scenes\Level1">
      <UniqueIdentifier>{39fafaf9-aa96-48a1-9d4a-c321dfd98709}</UniqueIdentifier>
    </Filter>
    <Filter Include="Source Files\Modules\Gameplay\Scenes\level2">
      <UniqueIdentifier>{d5b1abda-b63c-47d0-9ab6-2f7d08766e87}</UniqueIdentifier>
    </Filter>
    <Filter Include="Source Files\Modules\Gameplay\Scenes\Menu">
      <UniqueIdentifier>{2464f6b8-53c3-49a2-80fa-46a7adb2afb3}</UniqueIdentifier>
    </Filter>
    <Filter Include="Source Files\Modules\Core\Audio">
      <UniqueIdentifier>{db246432-4fff-4df5-8993-37413fd4339c}</UniqueIdentifier>
    </Filter>
    <Filter Include="Source Files\Modules\Core\Collisions">
      <UniqueIdentifier>{b0c15afc-3226-4068-a2a6-12367fdd27ac}</UniqueIdentifier>
    </Filter>
    <Filter Include="Source Files\Modules\Core\FadeToBlack">
      <UniqueIdentifier>{aeed8304-9807-4ce1-99b3-5bb92bfcf130}</UniqueIdentifier>
    </Filter>
    <Filter Include="Source Files\Modules\Core\Fonts">
      <UniqueIdentifier>{2ad50f43-c0e4-4799-aec1-7740ae254d8e}</UniqueIdentifier>
    </Filter>
    <Filter Include="Source Files\Modules\Core\Input">
      <UniqueIdentifier>{0fbdc01b-c5ba-433e-a5a3-790883a5795a}</UniqueIdentifier>
    </Filter>
    <Filter Include="Source Files\Modules\Core\Interface">
      <UniqueIdentifier>{82919a77-33d9-4424-872b-0bd32eeb7912}</UniqueIdentifier>
    </Filter>
    <Filter Include="Source Files\Modules\Core\Particles">
      <UniqueIdentifier>{d50f172a-6045-4ec6-8719-76eed6bd9268}</UniqueIdentifier>
    </Filter>
    <Filter Include="Source Files\Modules\Core\Texture">
      <UniqueIdentifier>{0745060b-0a21-4a8c-8902-8c0618741406}</UniqueIdentifier>
    </Filter>
    <Filter Include="Source Files\Modules\Core\Window">
      <UniqueIdentifier>{ca7abfb9-a746-4fc9-a1ae-d4927b7e3620}</UniqueIdentifier>
    </Filter>
    <Filter Include="Source Files\Modules\Core\Render">
      <UniqueIdentifier>{994a1eeb-d5f2-4af2-8834-b65b35bc180e}</UniqueIdentifier>
    </Filter>
    <Filter Include="Source Files\Resource Files">
      <UniqueIdentifier>{bb6b0c0d-b113-4377-bfbc-5c023888d8b7}</UniqueIdentifier>
    </Filter>
  </ItemGroup>
</Project>